
Microsoft Visual Studio Solution File, Format Version 12.00
# Visual Studio 15
VisualStudioVersion = 15.0.28307.136
MinimumVisualStudioVersion = 15.0.26124.0
Project("{FAE04EC0-301F-11D3-BF4B-00C04F79EFBC}") = "FreeSql.EntityGenerator", "FreeSql.EntityGenerator\FreeSql.EntityGenerator.csproj", "{9839EA83-4435-47FE-B644-8CFC7AEDB346}"
EndProject
Project("{2150E333-8FDC-42A3-9474-1A3956D46DE8}") = "Docs", "Docs", "{09E97C40-CAAF-4F2B-A10C-90059F4E22E8}"
	ProjectSection(SolutionItems) = preProject
		readme.md = readme.md
	EndProjectSection
EndProject
Project("{FAE04EC0-301F-11D3-BF4B-00C04F79EFBC}") = "FreeSqlTools", "FreeSql.Tools\FreeSqlTools.csproj", "{1F2D5708-0C4C-4C8F-94D4-455C5A81031B}"
EndProject
Project("{2150E333-8FDC-42A3-9474-1A3956D46DE8}") = "RazorTemplates", "RazorTemplates", "{E03A31B7-65EF-494A-AA6F-4C26ACE74B2F}"
	ProjectSection(SolutionItems) = preProject
		RazorTemplates\实体类+特性.cshtml = RazorTemplates\实体类+特性.cshtml
	EndProjectSection
EndProject
Global
	GlobalSection(SolutionConfigurationPlatforms) = preSolution
		Debug|Any CPU = Debug|Any CPU
		Debug|x64 = Debug|x64
		Debug|x86 = Debug|x86
		Release|Any CPU = Release|Any CPU
		Release|x64 = Release|x64
		Release|x86 = Release|x86
	EndGlobalSection
	GlobalSection(ProjectConfigurationPlatforms) = postSolution
		{9839EA83-4435-47FE-B644-8CFC7AEDB346}.Debug|Any CPU.ActiveCfg = Debug|Any CPU
		{9839EA83-4435-47FE-B644-8CFC7AEDB346}.Debug|Any CPU.Build.0 = Debug|Any CPU
		{9839EA83-4435-47FE-B644-8CFC7AEDB346}.Debug|x64.ActiveCfg = Debug|Any CPU
		{9839EA83-4435-47FE-B644-8CFC7AEDB346}.Debug|x64.Build.0 = Debug|Any CPU
		{9839EA83-4435-47FE-B644-8CFC7AEDB346}.Debug|x86.ActiveCfg = Debug|Any CPU
		{9839EA83-4435-47FE-B644-8CFC7AEDB346}.Debug|x86.Build.0 = Debug|Any CPU
		{9839EA83-4435-47FE-B644-8CFC7AEDB346}.Release|Any CPU.ActiveCfg = Release|Any CPU
		{9839EA83-4435-47FE-B644-8CFC7AEDB346}.Release|Any CPU.Build.0 = Release|Any CPU
		{9839EA83-4435-47FE-B644-8CFC7AEDB346}.Release|x64.ActiveCfg = Release|Any CPU
		{9839EA83-4435-47FE-B644-8CFC7AEDB346}.Release|x64.Build.0 = Release|Any CPU
		{9839EA83-4435-47FE-B644-8CFC7AEDB346}.Release|x86.ActiveCfg = Release|Any CPU
		{9839EA83-4435-47FE-B644-8CFC7AEDB346}.Release|x86.Build.0 = Release|Any CPU
		{1F2D5708-0C4C-4C8F-94D4-455C5A81031B}.Debug|Any CPU.ActiveCfg = Debug|Any CPU
		{1F2D5708-0C4C-4C8F-94D4-455C5A81031B}.Debug|Any CPU.Build.0 = Debug|Any CPU
		{1F2D5708-0C4C-4C8F-94D4-455C5A81031B}.Debug|x64.ActiveCfg = Debug|Any CPU
		{1F2D5708-0C4C-4C8F-94D4-455C5A81031B}.Debug|x64.Build.0 = Debug|Any CPU
		{1F2D5708-0C4C-4C8F-94D4-455C5A81031B}.Debug|x86.ActiveCfg = Debug|Any CPU
		{1F2D5708-0C4C-4C8F-94D4-455C5A81031B}.Debug|x86.Build.0 = Debug|Any CPU
		{1F2D5708-0C4C-4C8F-94D4-455C5A81031B}.Release|Any CPU.ActiveCfg = Release|Any CPU
		{1F2D5708-0C4C-4C8F-94D4-455C5A81031B}.Release|Any CPU.Build.0 = Release|Any CPU
		{1F2D5708-0C4C-4C8F-94D4-455C5A81031B}.Release|x64.ActiveCfg = Release|Any CPU
		{1F2D5708-0C4C-4C8F-94D4-455C5A81031B}.Release|x64.Build.0 = Release|Any CPU
		{1F2D5708-0C4C-4C8F-94D4-455C5A81031B}.Release|x86.ActiveCfg = Release|Any CPU
		{1F2D5708-0C4C-4C8F-94D4-455C5A81031B}.Release|x86.Build.0 = Release|Any CPU
	EndGlobalSection
	GlobalSection(SolutionProperties) = preSolution
		HideSolutionNode = FALSE
	EndGlobalSection
	GlobalSection(ExtensibilityGlobals) = postSolution
		SolutionGuid = {AB0BFB7C-2835-4797-83C3-6D7772DA37A4}
	EndGlobalSection
EndGlobal
